
Microsoft Visual Studio Solution File, Format Version 12.00
# Visual Studio 15
VisualStudioVersion = 15.0.27428.2005
MinimumVisualStudioVersion = 10.0.40219.1
Project("{FAE04EC0-301F-11D3-BF4B-00C04F79EFBC}") = "AgentVI.Android", "AgentVI\AgentVI.Android\AgentVI.Android.csproj", "{FF194890-B677-4C9D-A898-560E2202E001}"
EndProject
Project("{FAE04EC0-301F-11D3-BF4B-00C04F79EFBC}") = "AgentVI.iOS", "AgentVI\AgentVI.iOS\AgentVI.iOS.csproj", "{F9342C74-81D4-4032-A71D-963D44BDF1C4}"
EndProject
Project("{9A19103F-16F7-4668-BE54-9A1E7A4F7556}") = "AgentVI", "AgentVI\AgentVI\AgentVI.csproj", "{D5A07878-3149-40F6-A9BE-BAD1763F5BFF}"
EndProject
Project("{9A19103F-16F7-4668-BE54-9A1E7A4F7556}") = "NadavTest", "NadavTest\NadavTest.csproj", "{C6B4244C-0832-421F-8D0A-8C6EBDBF0350}"
EndProject
Project("{FAE04EC0-301F-11D3-BF4B-00C04F79EFBC}") = "InnoviApiProxy", "InnoviApiProxy\InnoviApiProxy.csproj", "{0BADDD4C-9209-4239-AC4B-40A7568B1611}"
EndProject
Global
	GlobalSection(SolutionConfigurationPlatforms) = preSolution
		Ad-Hoc|Any CPU = Ad-Hoc|Any CPU
		Ad-Hoc|iPhone = Ad-Hoc|iPhone
		Ad-Hoc|iPhoneSimulator = Ad-Hoc|iPhoneSimulator
		AppStore|Any CPU = AppStore|Any CPU
		AppStore|iPhone = AppStore|iPhone
		AppStore|iPhoneSimulator = AppStore|iPhoneSimulator
		Debug|Any CPU = Debug|Any CPU
		Debug|iPhone = Debug|iPhone
		Debug|iPhoneSimulator = Debug|iPhoneSimulator
		Release|Any CPU = Release|Any CPU
		Release|iPhone = Release|iPhone
		Release|iPhoneSimulator = Release|iPhoneSimulator
	EndGlobalSection
	GlobalSection(ProjectConfigurationPlatforms) = postSolution
		{FF194890-B677-4C9D-A898-560E2202E001}.Ad-Hoc|Any CPU.ActiveCfg = Release|Any CPU
		{FF194890-B677-4C9D-A898-560E2202E001}.Ad-Hoc|Any CPU.Build.0 = Release|Any CPU
		{FF194890-B677-4C9D-A898-560E2202E001}.Ad-Hoc|Any CPU.Deploy.0 = Release|Any CPU
		{FF194890-B677-4C9D-A898-560E2202E001}.Ad-Hoc|iPhone.ActiveCfg = Release|Any CPU
		{FF194890-B677-4C9D-A898-560E2202E001}.Ad-Hoc|iPhone.Build.0 = Release|Any CPU
		{FF194890-B677-4C9D-A898-560E2202E001}.Ad-Hoc|iPhone.Deploy.0 = Release|Any CPU
		{FF194890-B677-4C9D-A898-560E2202E001}.Ad-Hoc|iPhoneSimulator.ActiveCfg = Release|Any CPU
		{FF194890-B677-4C9D-A898-560E2202E001}.Ad-Hoc|iPhoneSimulator.Build.0 = Release|Any CPU
		{FF194890-B677-4C9D-A898-560E2202E001}.Ad-Hoc|iPhoneSimulator.Deploy.0 = Release|Any CPU
		{FF194890-B677-4C9D-A898-560E2202E001}.AppStore|Any CPU.ActiveCfg = Release|Any CPU
		{FF194890-B677-4C9D-A898-560E2202E001}.AppStore|Any CPU.Build.0 = Release|Any CPU
		{FF194890-B677-4C9D-A898-560E2202E001}.AppStore|Any CPU.Deploy.0 = Release|Any CPU
		{FF194890-B677-4C9D-A898-560E2202E001}.AppStore|iPhone.ActiveCfg = Release|Any CPU
		{FF194890-B677-4C9D-A898-560E2202E001}.AppStore|iPhone.Build.0 = Release|Any CPU
		{FF194890-B677-4C9D-A898-560E2202E001}.AppStore|iPhone.Deploy.0 = Release|Any CPU
		{FF194890-B677-4C9D-A898-560E2202E001}.AppStore|iPhoneSimulator.ActiveCfg = Release|Any CPU
		{FF194890-B677-4C9D-A898-560E2202E001}.AppStore|iPhoneSimulator.Build.0 = Release|Any CPU
		{FF194890-B677-4C9D-A898-560E2202E001}.AppStore|iPhoneSimulator.Deploy.0 = Release|Any CPU
		{FF194890-B677-4C9D-A898-560E2202E001}.Debug|Any CPU.ActiveCfg = Debug|Any CPU
		{FF194890-B677-4C9D-A898-560E2202E001}.Debug|Any CPU.Build.0 = Debug|Any CPU
		{FF194890-B677-4C9D-A898-560E2202E001}.Debug|Any CPU.Deploy.0 = Debug|Any CPU
		{FF194890-B677-4C9D-A898-560E2202E001}.Debug|iPhone.ActiveCfg = Debug|Any CPU
		{FF194890-B677-4C9D-A898-560E2202E001}.Debug|iPhone.Build.0 = Debug|Any CPU
		{FF194890-B677-4C9D-A898-560E2202E001}.Debug|iPhone.Deploy.0 = Debug|Any CPU
		{FF194890-B677-4C9D-A898-560E2202E001}.Debug|iPhoneSimulator.ActiveCfg = Debug|Any CPU
		{FF194890-B677-4C9D-A898-560E2202E001}.Debug|iPhoneSimulator.Build.0 = Debug|Any CPU
		{FF194890-B677-4C9D-A898-560E2202E001}.Debug|iPhoneSimulator.Deploy.0 = Debug|Any CPU
		{FF194890-B677-4C9D-A898-560E2202E001}.Release|Any CPU.ActiveCfg = Release|Any CPU
		{FF194890-B677-4C9D-A898-560E2202E001}.Release|Any CPU.Build.0 = Release|Any CPU
		{FF194890-B677-4C9D-A898-560E2202E001}.Release|Any CPU.Deploy.0 = Release|Any CPU
		{FF194890-B677-4C9D-A898-560E2202E001}.Release|iPhone.ActiveCfg = Release|Any CPU
		{FF194890-B677-4C9D-A898-560E2202E001}.Release|iPhone.Build.0 = Release|Any CPU
		{FF194890-B677-4C9D-A898-560E2202E001}.Release|iPhone.Deploy.0 = Release|Any CPU
		{FF194890-B677-4C9D-A898-560E2202E001}.Release|iPhoneSimulator.ActiveCfg = Release|Any CPU
		{FF194890-B677-4C9D-A898-560E2202E001}.Release|iPhoneSimulator.Build.0 = Release|Any CPU
		{FF194890-B677-4C9D-A898-560E2202E001}.Release|iPhoneSimulator.Deploy.0 = Release|Any CPU
		{F9342C74-81D4-4032-A71D-963D44BDF1C4}.Ad-Hoc|Any CPU.ActiveCfg = Ad-Hoc|iPhone
		{F9342C74-81D4-4032-A71D-963D44BDF1C4}.Ad-Hoc|iPhone.ActiveCfg = Ad-Hoc|iPhone
		{F9342C74-81D4-4032-A71D-963D44BDF1C4}.Ad-Hoc|iPhone.Build.0 = Ad-Hoc|iPhone
		{F9342C74-81D4-4032-A71D-963D44BDF1C4}.Ad-Hoc|iPhoneSimulator.ActiveCfg = Ad-Hoc|iPhoneSimulator
		{F9342C74-81D4-4032-A71D-963D44BDF1C4}.Ad-Hoc|iPhoneSimulator.Build.0 = Ad-Hoc|iPhoneSimulator
		{F9342C74-81D4-4032-A71D-963D44BDF1C4}.AppStore|Any CPU.ActiveCfg = AppStore|iPhone
		{F9342C74-81D4-4032-A71D-963D44BDF1C4}.AppStore|iPhone.ActiveCfg = AppStore|iPhone
		{F9342C74-81D4-4032-A71D-963D44BDF1C4}.AppStore|iPhone.Build.0 = AppStore|iPhone
		{F9342C74-81D4-4032-A71D-963D44BDF1C4}.AppStore|iPhoneSimulator.ActiveCfg = AppStore|iPhoneSimulator
		{F9342C74-81D4-4032-A71D-963D44BDF1C4}.AppStore|iPhoneSimulator.Build.0 = AppStore|iPhoneSimulator
		{F9342C74-81D4-4032-A71D-963D44BDF1C4}.Debug|Any CPU.ActiveCfg = Debug|iPhone
		{F9342C74-81D4-4032-A71D-963D44BDF1C4}.Debug|iPhone.ActiveCfg = Debug|iPhone
		{F9342C74-81D4-4032-A71D-963D44BDF1C4}.Debug|iPhone.Build.0 = Debug|iPhone
		{F9342C74-81D4-4032-A71D-963D44BDF1C4}.Debug|iPhoneSimulator.ActiveCfg = Debug|iPhoneSimulator
		{F9342C74-81D4-4032-A71D-963D44BDF1C4}.Debug|iPhoneSimulator.Build.0 = Debug|iPhoneSimulator
		{F9342C74-81D4-4032-A71D-963D44BDF1C4}.Release|Any CPU.ActiveCfg = Release|iPhone
		{F9342C74-81D4-4032-A71D-963D44BDF1C4}.Release|iPhone.ActiveCfg = Release|iPhone
		{F9342C74-81D4-4032-A71D-963D44BDF1C4}.Release|iPhone.Build.0 = Release|iPhone
		{F9342C74-81D4-4032-A71D-963D44BDF1C4}.Release|iPhoneSimulator.ActiveCfg = Release|iPhoneSimulator
		{F9342C74-81D4-4032-A71D-963D44BDF1C4}.Release|iPhoneSimulator.Build.0 = Release|iPhoneSimulator
		{D5A07878-3149-40F6-A9BE-BAD1763F5BFF}.Ad-Hoc|Any CPU.ActiveCfg = Debug|Any CPU
		{D5A07878-3149-40F6-A9BE-BAD1763F5BFF}.Ad-Hoc|Any CPU.Build.0 = Debug|Any CPU
		{D5A07878-3149-40F6-A9BE-BAD1763F5BFF}.Ad-Hoc|iPhone.ActiveCfg = Debug|Any CPU
		{D5A07878-3149-40F6-A9BE-BAD1763F5BFF}.Ad-Hoc|iPhone.Build.0 = Debug|Any CPU
		{D5A07878-3149-40F6-A9BE-BAD1763F5BFF}.Ad-Hoc|iPhoneSimulator.ActiveCfg = Debug|Any CPU
		{D5A07878-3149-40F6-A9BE-BAD1763F5BFF}.Ad-Hoc|iPhoneSimulator.Build.0 = Debug|Any CPU
		{D5A07878-3149-40F6-A9BE-BAD1763F5BFF}.AppStore|Any CPU.ActiveCfg = Debug|Any CPU
		{D5A07878-3149-40F6-A9BE-BAD1763F5BFF}.AppStore|Any CPU.Build.0 = Debug|Any CPU
		{D5A07878-3149-40F6-A9BE-BAD1763F5BFF}.AppStore|iPhone.ActiveCfg = Debug|Any CPU
		{D5A07878-3149-40F6-A9BE-BAD1763F5BFF}.AppStore|iPhone.Build.0 = Debug|Any CPU
		{D5A07878-3149-40F6-A9BE-BAD1763F5BFF}.AppStore|iPhoneSimulator.ActiveCfg = Debug|Any CPU
		{D5A07878-3149-40F6-A9BE-BAD1763F5BFF}.AppStore|iPhoneSimulator.Build.0 = Debug|Any CPU
		{D5A07878-3149-40F6-A9BE-BAD1763F5BFF}.Debug|Any CPU.ActiveCfg = Debug|Any CPU
		{D5A07878-3149-40F6-A9BE-BAD1763F5BFF}.Debug|Any CPU.Build.0 = Debug|Any CPU
		{D5A07878-3149-40F6-A9BE-BAD1763F5BFF}.Debug|iPhone.ActiveCfg = Debug|Any CPU
		{D5A07878-3149-40F6-A9BE-BAD1763F5BFF}.Debug|iPhone.Build.0 = Debug|Any CPU
		{D5A07878-3149-40F6-A9BE-BAD1763F5BFF}.Debug|iPhoneSimulator.ActiveCfg = Debug|Any CPU
		{D5A07878-3149-40F6-A9BE-BAD1763F5BFF}.Debug|iPhoneSimulator.Build.0 = Debug|Any CPU
		{D5A07878-3149-40F6-A9BE-BAD1763F5BFF}.Release|Any CPU.ActiveCfg = Release|Any CPU
		{D5A07878-3149-40F6-A9BE-BAD1763F5BFF}.Release|Any CPU.Build.0 = Release|Any CPU
		{D5A07878-3149-40F6-A9BE-BAD1763F5BFF}.Release|iPhone.ActiveCfg = Release|Any CPU
		{D5A07878-3149-40F6-A9BE-BAD1763F5BFF}.Release|iPhone.Build.0 = Release|Any CPU
		{D5A07878-3149-40F6-A9BE-BAD1763F5BFF}.Release|iPhoneSimulator.ActiveCfg = Release|Any CPU
		{D5A07878-3149-40F6-A9BE-BAD1763F5BFF}.Release|iPhoneSimulator.Build.0 = Release|Any CPU
		{C6B4244C-0832-421F-8D0A-8C6EBDBF0350}.Ad-Hoc|Any CPU.ActiveCfg = Debug|Any CPU
		{C6B4244C-0832-421F-8D0A-8C6EBDBF0350}.Ad-Hoc|Any CPU.Build.0 = Debug|Any CPU
		{C6B4244C-0832-421F-8D0A-8C6EBDBF0350}.Ad-Hoc|iPhone.ActiveCfg = Debug|Any CPU
		{C6B4244C-0832-421F-8D0A-8C6EBDBF0350}.Ad-Hoc|iPhone.Build.0 = Debug|Any CPU
		{C6B4244C-0832-421F-8D0A-8C6EBDBF0350}.Ad-Hoc|iPhoneSimulator.ActiveCfg = Debug|Any CPU
		{C6B4244C-0832-421F-8D0A-8C6EBDBF0350}.Ad-Hoc|iPhoneSimulator.Build.0 = Debug|Any CPU
		{C6B4244C-0832-421F-8D0A-8C6EBDBF0350}.AppStore|Any CPU.ActiveCfg = Debug|Any CPU
		{C6B4244C-0832-421F-8D0A-8C6EBDBF0350}.AppStore|Any CPU.Build.0 = Debug|Any CPU
		{C6B4244C-0832-421F-8D0A-8C6EBDBF0350}.AppStore|iPhone.ActiveCfg = Debug|Any CPU
		{C6B4244C-0832-421F-8D0A-8C6EBDBF0350}.AppStore|iPhone.Build.0 = Debug|Any CPU
		{C6B4244C-0832-421F-8D0A-8C6EBDBF0350}.AppStore|iPhoneSimulator.ActiveCfg = Debug|Any CPU
		{C6B4244C-0832-421F-8D0A-8C6EBDBF0350}.AppStore|iPhoneSimulator.Build.0 = Debug|Any CPU
		{C6B4244C-0832-421F-8D0A-8C6EBDBF0350}.Debug|Any CPU.ActiveCfg = Debug|Any CPU
		{C6B4244C-0832-421F-8D0A-8C6EBDBF0350}.Debug|Any CPU.Build.0 = Debug|Any CPU
		{C6B4244C-0832-421F-8D0A-8C6EBDBF0350}.Debug|iPhone.ActiveCfg = Debug|Any CPU
		{C6B4244C-0832-421F-8D0A-8C6EBDBF0350}.Debug|iPhone.Build.0 = Debug|Any CPU
		{C6B4244C-0832-421F-8D0A-8C6EBDBF0350}.Debug|iPhoneSimulator.ActiveCfg = Debug|Any CPU
		{C6B4244C-0832-421F-8D0A-8C6EBDBF0350}.Debug|iPhoneSimulator.Build.0 = Debug|Any CPU
		{C6B4244C-0832-421F-8D0A-8C6EBDBF0350}.Release|Any CPU.ActiveCfg = Release|Any CPU
		{C6B4244C-0832-421F-8D0A-8C6EBDBF0350}.Release|Any CPU.Build.0 = Release|Any CPU
		{C6B4244C-0832-421F-8D0A-8C6EBDBF0350}.Release|iPhone.ActiveCfg = Release|Any CPU
		{C6B4244C-0832-421F-8D0A-8C6EBDBF0350}.Release|iPhone.Build.0 = Release|Any CPU
		{C6B4244C-0832-421F-8D0A-8C6EBDBF0350}.Release|iPhoneSimulator.ActiveCfg = Release|Any CPU
		{C6B4244C-0832-421F-8D0A-8C6EBDBF0350}.Release|iPhoneSimulator.Build.0 = Release|Any CPU
		{0BADDD4C-9209-4239-AC4B-40A7568B1611}.Ad-Hoc|Any CPU.ActiveCfg = Debug|Any CPU
		{0BADDD4C-9209-4239-AC4B-40A7568B1611}.Ad-Hoc|Any CPU.Build.0 = Debug|Any CPU
		{0BADDD4C-9209-4239-AC4B-40A7568B1611}.Ad-Hoc|iPhone.ActiveCfg = Debug|Any CPU
		{0BADDD4C-9209-4239-AC4B-40A7568B1611}.Ad-Hoc|iPhone.Build.0 = Debug|Any CPU
		{0BADDD4C-9209-4239-AC4B-40A7568B1611}.Ad-Hoc|iPhoneSimulator.ActiveCfg = Debug|Any CPU
		{0BADDD4C-9209-4239-AC4B-40A7568B1611}.Ad-Hoc|iPhoneSimulator.Build.0 = Debug|Any CPU
		{0BADDD4C-9209-4239-AC4B-40A7568B1611}.AppStore|Any CPU.ActiveCfg = Debug|Any CPU
		{0BADDD4C-9209-4239-AC4B-40A7568B1611}.AppStore|Any CPU.Build.0 = Debug|Any CPU
		{0BADDD4C-9209-4239-AC4B-40A7568B1611}.AppStore|iPhone.ActiveCfg = Debug|Any CPU
		{0BADDD4C-9209-4239-AC4B-40A7568B1611}.AppStore|iPhone.Build.0 = Debug|Any CPU
		{0BADDD4C-9209-4239-AC4B-40A7568B1611}.AppStore|iPhoneSimulator.ActiveCfg = Debug|Any CPU
		{0BADDD4C-9209-4239-AC4B-40A7568B1611}.AppStore|iPhoneSimulator.Build.0 = Debug|Any CPU
		{0BADDD4C-9209-4239-AC4B-40A7568B1611}.Debug|Any CPU.ActiveCfg = Debug|Any CPU
		{0BADDD4C-9209-4239-AC4B-40A7568B1611}.Debug|Any CPU.Build.0 = Debug|Any CPU
		{0BADDD4C-9209-4239-AC4B-40A7568B1611}.Debug|iPhone.ActiveCfg = Debug|Any CPU
		{0BADDD4C-9209-4239-AC4B-40A7568B1611}.Debug|iPhone.Build.0 = Debug|Any CPU
		{0BADDD4C-9209-4239-AC4B-40A7568B1611}.Debug|iPhoneSimulator.ActiveCfg = Debug|Any CPU
		{0BADDD4C-9209-4239-AC4B-40A7568B1611}.Debug|iPhoneSimulator.Build.0 = Debug|Any CPU
		{0BADDD4C-9209-4239-AC4B-40A7568B1611}.Release|Any CPU.ActiveCfg = Release|Any CPU
		{0BADDD4C-9209-4239-AC4B-40A7568B1611}.Release|Any CPU.Build.0 = Release|Any CPU
		{0BADDD4C-9209-4239-AC4B-40A7568B1611}.Release|iPhone.ActiveCfg = Release|Any CPU
		{0BADDD4C-9209-4239-AC4B-40A7568B1611}.Release|iPhone.Build.0 = Release|Any CPU
		{0BADDD4C-9209-4239-AC4B-40A7568B1611}.Release|iPhoneSimulator.ActiveCfg = Release|Any CPU
		{0BADDD4C-9209-4239-AC4B-40A7568B1611}.Release|iPhoneSimulator.Build.0 = Release|Any CPU
	EndGlobalSection
	GlobalSection(SolutionProperties) = preSolution
		HideSolutionNode = FALSE
	EndGlobalSection
	GlobalSection(ExtensibilityGlobals) = postSolution
		SolutionGuid = {DDDC3266-27D5-477C-99D0-89440CF5D71E}
	EndGlobalSection
EndGlobal
